
Microsoft Visual Studio Solution File, Format Version 12.00
# Visual Studio Version 17
VisualStudioVersion = 17.9.34616.47
MinimumVisualStudioVersion = 10.0.40219.1
Project("{8BC9CEB8-8B4A-11D0-8D11-00A0C91BC942}") = "Project of Bank System", "Project of Bank System.vcxproj", "{1127F63D-BBEE-4245-8B57-385EB8CF6F3B}"
EndProject
Global
	GlobalSection(SolutionConfigurationPlatforms) = preSolution
		Debug|x64 = Debug|x64
		Debug|x86 = Debug|x86
		Release|x64 = Release|x64
		Release|x86 = Release|x86
	EndGlobalSection
	GlobalSection(ProjectConfigurationPlatforms) = postSolution
		{1127F63D-BBEE-4245-8B57-385EB8CF6F3B}.Debug|x64.ActiveCfg = Debug|x64
		{1127F63D-BBEE-4245-8B57-385EB8CF6F3B}.Debug|x64.Build.0 = Debug|x64
		{1127F63D-BBEE-4245-8B57-385EB8CF6F3B}.Debug|x86.ActiveCfg = Debug|Win32
		{1127F63D-BBEE-4245-8B57-385EB8CF6F3B}.Debug|x86.Build.0 = Debug|Win32
		{1127F63D-BBEE-4245-8B57-385EB8CF6F3B}.Release|x64.ActiveCfg = Release|x64
		{1127F63D-BBEE-4245-8B57-385EB8CF6F3B}.Release|x64.Build.0 = Release|x64
		{1127F63D-BBEE-4245-8B57-385EB8CF6F3B}.Release|x86.ActiveCfg = Release|Win32
		{1127F63D-BBEE-4245-8B57-385EB8CF6F3B}.Release|x86.Build.0 = Release|Win32
	EndGlobalSection
	GlobalSection(SolutionProperties) = preSolution
		HideSolutionNode = FALSE
	EndGlobalSection
	GlobalSection(ExtensibilityGlobals) = postSolution
		SolutionGuid = {AB75B180-AB60-4DC4-8FA9-70D0B772E906}
	EndGlobalSection
EndGlobal
